
Microsoft Visual Studio Solution File, Format Version 12.00
# Visual Studio Version 17
VisualStudioVersion = 17.8.34511.84
MinimumVisualStudioVersion = 10.0.40219.1
Project("{FAE04EC0-301F-11D3-BF4B-00C04F79EFBC}") = "EsercizioW1D5", "EsercizioW1D5.csproj", "{209717A4-2A39-4749-91C6-11AB448006C3}"
EndProject
Global
	GlobalSection(SolutionConfigurationPlatforms) = preSolution
		Debug|Any CPU = Debug|Any CPU
		Release|Any CPU = Release|Any CPU
	EndGlobalSection
	GlobalSection(ProjectConfigurationPlatforms) = postSolution
		{209717A4-2A39-4749-91C6-11AB448006C3}.Debug|Any CPU.ActiveCfg = Debug|Any CPU
		{209717A4-2A39-4749-91C6-11AB448006C3}.Debug|Any CPU.Build.0 = Debug|Any CPU
		{209717A4-2A39-4749-91C6-11AB448006C3}.Release|Any CPU.ActiveCfg = Release|Any CPU
		{209717A4-2A39-4749-91C6-11AB448006C3}.Release|Any CPU.Build.0 = Release|Any CPU
	EndGlobalSection
	GlobalSection(SolutionProperties) = preSolution
		HideSolutionNode = FALSE
	EndGlobalSection
	GlobalSection(ExtensibilityGlobals) = postSolution
		SolutionGuid = {591EC8CF-DD55-4ED9-8302-039AF133FD46}
	EndGlobalSection
EndGlobal
